
Microsoft Visual Studio Solution File, Format Version 12.00
# Visual Studio 15
VisualStudioVersion = 15.0.26228.4
MinimumVisualStudioVersion = 10.0.40219.1
Project("{9A19103F-16F7-4668-BE54-9A1E7A4F7556}") = "Terninger", "Terninger\Terninger.csproj", "{3341DACF-FE94-4497-B71B-AB3326B530FD}"
EndProject
Project("{9A19103F-16F7-4668-BE54-9A1E7A4F7556}") = "Terninger.Test", "Terninger.Test\Terninger.Test.csproj", "{79D06A18-76BC-45B8-810A-F346C661B18C}"
EndProject
Project("{9A19103F-16F7-4668-BE54-9A1E7A4F7556}") = "Terninger.Console", "Terninger.Console\Terninger.Console.csproj", "{DFD4245E-33F7-4B73-BBFF-16879B5A1C71}"
EndProject
Project("{9A19103F-16F7-4668-BE54-9A1E7A4F7556}") = "Terninger.Realtime", "Terninger.Realtime\Terninger.Realtime.csproj", "{6E0E3133-56F1-48EE-B266-CD1E2EFE6EFE}"
EndProject
Project("{9A19103F-16F7-4668-BE54-9A1E7A4F7556}") = "Terninger.Perf", "Terninger.Perf\Terninger.Perf.csproj", "{D2F06E7B-E840-4693-B991-536A2C4D1A6A}"
EndProject
Project("{9A19103F-16F7-4668-BE54-9A1E7A4F7556}") = "Terninger.Config", "Terninger.Config\Terninger.Config.csproj", "{A951DB15-27AC-4560-B224-2AA9B0742EE6}"
EndProject
Project("{9A19103F-16F7-4668-BE54-9A1E7A4F7556}") = "Terninger.Test.Slow", "Terninger.Test.Slow\Terninger.Test.Slow.csproj", "{7B8FF53D-AEF2-4E6E-9EB2-954E7F98D9C6}"
EndProject
Project("{9A19103F-16F7-4668-BE54-9A1E7A4F7556}") = "Terninger.EntropySources.Network", "Terninger.EntropySources.Network\Terninger.EntropySources.Network.csproj", "{F1BAC12F-9F03-4260-B726-B2EB252EEAD4}"
EndProject
Project("{9A19103F-16F7-4668-BE54-9A1E7A4F7556}") = "Terninger.EntropySources.Extended", "Terninger.EntropySources.Extended\Terninger.EntropySources.Extended.csproj", "{B0863505-4A9F-4B97-9EA4-01CABCE2DBAD}"
EndProject
Global
	GlobalSection(SolutionConfigurationPlatforms) = preSolution
		Debug|Any CPU = Debug|Any CPU
		Release|Any CPU = Release|Any CPU
	EndGlobalSection
	GlobalSection(ProjectConfigurationPlatforms) = postSolution
		{3341DACF-FE94-4497-B71B-AB3326B530FD}.Debug|Any CPU.ActiveCfg = Debug|Any CPU
		{3341DACF-FE94-4497-B71B-AB3326B530FD}.Debug|Any CPU.Build.0 = Debug|Any CPU
		{3341DACF-FE94-4497-B71B-AB3326B530FD}.Release|Any CPU.ActiveCfg = Release|Any CPU
		{3341DACF-FE94-4497-B71B-AB3326B530FD}.Release|Any CPU.Build.0 = Release|Any CPU
		{79D06A18-76BC-45B8-810A-F346C661B18C}.Debug|Any CPU.ActiveCfg = Debug|Any CPU
		{79D06A18-76BC-45B8-810A-F346C661B18C}.Debug|Any CPU.Build.0 = Debug|Any CPU
		{79D06A18-76BC-45B8-810A-F346C661B18C}.Release|Any CPU.ActiveCfg = Release|Any CPU
		{79D06A18-76BC-45B8-810A-F346C661B18C}.Release|Any CPU.Build.0 = Release|Any CPU
		{DFD4245E-33F7-4B73-BBFF-16879B5A1C71}.Debug|Any CPU.ActiveCfg = Debug|Any CPU
		{DFD4245E-33F7-4B73-BBFF-16879B5A1C71}.Debug|Any CPU.Build.0 = Debug|Any CPU
		{DFD4245E-33F7-4B73-BBFF-16879B5A1C71}.Release|Any CPU.ActiveCfg = Release|Any CPU
		{DFD4245E-33F7-4B73-BBFF-16879B5A1C71}.Release|Any CPU.Build.0 = Release|Any CPU
		{6E0E3133-56F1-48EE-B266-CD1E2EFE6EFE}.Debug|Any CPU.ActiveCfg = Debug|Any CPU
		{6E0E3133-56F1-48EE-B266-CD1E2EFE6EFE}.Debug|Any CPU.Build.0 = Debug|Any CPU
		{6E0E3133-56F1-48EE-B266-CD1E2EFE6EFE}.Release|Any CPU.ActiveCfg = Release|Any CPU
		{6E0E3133-56F1-48EE-B266-CD1E2EFE6EFE}.Release|Any CPU.Build.0 = Release|Any CPU
		{D2F06E7B-E840-4693-B991-536A2C4D1A6A}.Debug|Any CPU.ActiveCfg = Debug|Any CPU
		{D2F06E7B-E840-4693-B991-536A2C4D1A6A}.Debug|Any CPU.Build.0 = Debug|Any CPU
		{D2F06E7B-E840-4693-B991-536A2C4D1A6A}.Release|Any CPU.ActiveCfg = Release|Any CPU
		{D2F06E7B-E840-4693-B991-536A2C4D1A6A}.Release|Any CPU.Build.0 = Release|Any CPU
		{A951DB15-27AC-4560-B224-2AA9B0742EE6}.Debug|Any CPU.ActiveCfg = Debug|Any CPU
		{A951DB15-27AC-4560-B224-2AA9B0742EE6}.Debug|Any CPU.Build.0 = Debug|Any CPU
		{A951DB15-27AC-4560-B224-2AA9B0742EE6}.Release|Any CPU.ActiveCfg = Release|Any CPU
		{A951DB15-27AC-4560-B224-2AA9B0742EE6}.Release|Any CPU.Build.0 = Release|Any CPU
		{7B8FF53D-AEF2-4E6E-9EB2-954E7F98D9C6}.Debug|Any CPU.ActiveCfg = Debug|Any CPU
		{7B8FF53D-AEF2-4E6E-9EB2-954E7F98D9C6}.Debug|Any CPU.Build.0 = Debug|Any CPU
		{7B8FF53D-AEF2-4E6E-9EB2-954E7F98D9C6}.Release|Any CPU.ActiveCfg = Release|Any CPU
		{7B8FF53D-AEF2-4E6E-9EB2-954E7F98D9C6}.Release|Any CPU.Build.0 = Release|Any CPU
		{F1BAC12F-9F03-4260-B726-B2EB252EEAD4}.Debug|Any CPU.ActiveCfg = Debug|Any CPU
		{F1BAC12F-9F03-4260-B726-B2EB252EEAD4}.Debug|Any CPU.Build.0 = Debug|Any CPU
		{F1BAC12F-9F03-4260-B726-B2EB252EEAD4}.Release|Any CPU.ActiveCfg = Release|Any CPU
		{F1BAC12F-9F03-4260-B726-B2EB252EEAD4}.Release|Any CPU.Build.0 = Release|Any CPU
		{B0863505-4A9F-4B97-9EA4-01CABCE2DBAD}.Debug|Any CPU.ActiveCfg = Debug|Any CPU
		{B0863505-4A9F-4B97-9EA4-01CABCE2DBAD}.Debug|Any CPU.Build.0 = Debug|Any CPU
		{B0863505-4A9F-4B97-9EA4-01CABCE2DBAD}.Release|Any CPU.ActiveCfg = Release|Any CPU
		{B0863505-4A9F-4B97-9EA4-01CABCE2DBAD}.Release|Any CPU.Build.0 = Release|Any CPU
	EndGlobalSection
	GlobalSection(SolutionProperties) = preSolution
		HideSolutionNode = FALSE
	EndGlobalSection
	GlobalSection(ExtensibilityGlobals) = postSolution
		SolutionGuid = {3DE0105D-14DD-4429-836C-45F36363382A}
	EndGlobalSection
EndGlobal
